PODS:
  - Alamofire (5.4.4)
  - ImageSlideshow (1.9.2):
    - ImageSlideshow/Core (= 1.9.2)
  - ImageSlideshow/Core (1.9.2)
  - IQKeyboardManagerSwift (6.5.6)
  - KRActivityIndicatorView (3.0.7)
  - KRProgressHUD (3.4.7):
    - KRActivityIndicatorView (= 3.0.7)
  - SDWebImage (4.4.8):
    - SDWebImage/Core (= 4.4.8)
  - SDWebImage/Core (4.4.8)
  - SideMenuSwift (2.0.9)

DEPENDENCIES:
  - Alamofire
  - ImageSlideshow (~> 1.9.0)
  - IQKeyboardManagerSwift
  - KRProgressHUD (~> 3.4.4)
  - SDWebImage (~> 4.0)
  - SideMenuSwift

SPEC REPOS:
  trunk:
    - Alamofire
    - ImageSlideshow
    - IQKeyboardManagerSwift
    - KRActivityIndicatorView
    - KRProgressHUD
    - SDWebImage
    - SideMenuSwift

SPEC CHECKSUMS:
  Alamofire: f3b09a368f1582ab751b3fff5460276e0d2cf5c9
  ImageSlideshow: be305b54eaf2b2cfc7a7141c7c734605d44dc07d
  IQKeyboardManagerSwift: c7df9d2deb356c04522f5c4b7b6e4ce4d8ed94fe
  KRActivityIndicatorView: ad69e89c4ce40c986cf580595be4829dcad0e35a
  KRProgressHUD: a248f0bc6c9c2aed40a37b76e03ffecc7f85c887
  SDWebImage: 783af2c3fa36291a250030c4752ee370a9a51d13
  SideMenuSwift: 39f1922e225da4aaa8b16591037a929defe960c9

PODFILE CHECKSUM: 97a96c1583a298b648e29e8d211cb73a92ef9b66

COCOAPODS: 1.10.1
