// !$*UTF8*$!
{
	archiveVersion = 1;
	classes = {
	};
	objectVersion = 51;
	objects = {

/* Begin PBXBuildFile section */
		2008B6A9272ACB0100FBCA5D /* EditDetailsViewController.swift in Sources */ = {isa = PBXBuildFile; fileRef = 2008B6A8272ACB0100FBCA5D /* EditDetailsViewController.swift */; };
		2008B6B2272ACB5200FBCA5D /* UserListTableViewCell.swift in Sources */ = {isa = PBXBuildFile; fileRef = 2008B6B0272ACB5200FBCA5D /* UserListTableViewCell.swift */; };
		2008B6B3272ACB5200FBCA5D /* UserListTableViewCell.xib in Resources */ = {isa = PBXBuildFile; fileRef = 2008B6B1272ACB5200FBCA5D /* UserListTableViewCell.xib */; };
		201C3F03273E8755006423B7 /* BannerImageCollectionViewCell.swift in Sources */ = {isa = PBXBuildFile; fileRef = 201C3F02273E8755006423B7 /* BannerImageCollectionViewCell.swift */; };
		2026164D272FFBCA00FF013A /* MyProfileViewController.swift in Sources */ = {isa = PBXBuildFile; fileRef = 2026164C272FFBCA00FF013A /* MyProfileViewController.swift */; };
		2031CB0B2744E61800B8BB80 /* CustomLocationViewController.swift in Sources */ = {isa = PBXBuildFile; fileRef = 2031CB0A2744E61800B8BB80 /* CustomLocationViewController.swift */; };
		20424669273903970017C846 /* VenusViewController.swift in Sources */ = {isa = PBXBuildFile; fileRef = 20424668273903970017C846 /* VenusViewController.swift */; };
		2042466F273934100017C846 /* CreatePlanViewController.swift in Sources */ = {isa = PBXBuildFile; fileRef = 2042466E273934100017C846 /* CreatePlanViewController.swift */; };
		205934E7273A497D002B86AC /* InviteFriendsViewController.swift in Sources */ = {isa = PBXBuildFile; fileRef = 205934E6273A497D002B86AC /* InviteFriendsViewController.swift */; };
		205934EF273A928D002B86AC /* SelectContactViewController.swift in Sources */ = {isa = PBXBuildFile; fileRef = 205934EE273A928D002B86AC /* SelectContactViewController.swift */; };
		205934F4273A92E5002B86AC /* ContactListTableViewCell.swift in Sources */ = {isa = PBXBuildFile; fileRef = 205934F3273A92E5002B86AC /* ContactListTableViewCell.swift */; };
		2070A17C273504B7005FB3E7 /* DescriptionPageViewController.swift in Sources */ = {isa = PBXBuildFile; fileRef = 2070A17B273504B7005FB3E7 /* DescriptionPageViewController.swift */; };
		2070A18527353CB8005FB3E7 /* ContactUsViewController.swift in Sources */ = {isa = PBXBuildFile; fileRef = 2070A18427353CB8005FB3E7 /* ContactUsViewController.swift */; };
		2074C79927283CBB004A9BCA /* LoginViewController.swift in Sources */ = {isa = PBXBuildFile; fileRef = 2074C79827283CBB004A9BCA /* LoginViewController.swift */; };
		2074C7A127283D05004A9BCA /* RegisterViewController.swift in Sources */ = {isa = PBXBuildFile; fileRef = 2074C7A027283D05004A9BCA /* RegisterViewController.swift */; };
		2074C7A627283D16004A9BCA /* GetOTPViewController.swift in Sources */ = {isa = PBXBuildFile; fileRef = 2074C7A527283D16004A9BCA /* GetOTPViewController.swift */; };
		2074C7AB27283D27004A9BCA /* VerifyOTPViewController.swift in Sources */ = {isa = PBXBuildFile; fileRef = 2074C7AA27283D27004A9BCA /* VerifyOTPViewController.swift */; };
		2075EAA7272A9CAF00079DB6 /* MyPlanDetailsViewController.swift in Sources */ = {isa = PBXBuildFile; fileRef = 2075EAA6272A9CAF00079DB6 /* MyPlanDetailsViewController.swift */; };
		2075EAB1272A9E6000079DB6 /* InvitedUsersTableViewCell.swift in Sources */ = {isa = PBXBuildFile; fileRef = 2075EAAF272A9E6000079DB6 /* InvitedUsersTableViewCell.swift */; };
		2075EAB2272A9E6000079DB6 /* InvitedUsersTableViewCell.xib in Resources */ = {isa = PBXBuildFile; fileRef = 2075EAB0272A9E6000079DB6 /* InvitedUsersTableViewCell.xib */; };
		2085DB9C27297092001F5E7A /* HomeViewController.swift in Sources */ = {isa = PBXBuildFile; fileRef = 2085DB9A27297092001F5E7A /* HomeViewController.swift */; };
		2085DBA62729712A001F5E7A /* EventPlaceTableViewCell.swift in Sources */ = {isa = PBXBuildFile; fileRef = 2085DBA42729712A001F5E7A /* EventPlaceTableViewCell.swift */; };
		2085DBA72729712A001F5E7A /* EventPlaceTableViewCell.xib in Resources */ = {isa = PBXBuildFile; fileRef = 2085DBA52729712A001F5E7A /* EventPlaceTableViewCell.xib */; };
		208FAB2A27366C0A0063F056 /* InvitationDetailsViewController.swift in Sources */ = {isa = PBXBuildFile; fileRef = 208FAB2927366C0A0063F056 /* InvitationDetailsViewController.swift */; };
		2098FB1C2726B85000D07EDE /* AppDelegate.swift in Sources */ = {isa = PBXBuildFile; fileRef = 2098FB1B2726B85000D07EDE /* AppDelegate.swift */; };
		2098FB1E2726B85000D07EDE /* SceneDelegate.swift in Sources */ = {isa = PBXBuildFile; fileRef = 2098FB1D2726B85000D07EDE /* SceneDelegate.swift */; };
		2098FB202726B85000D07EDE /* BaseViewController.swift in Sources */ = {isa = PBXBuildFile; fileRef = 2098FB1F2726B85000D07EDE /* BaseViewController.swift */; };
		2098FB232726B85000D07EDE /* Main.storyboard in Resources */ = {isa = PBXBuildFile; fileRef = 2098FB212726B85000D07EDE /* Main.storyboard */; };
		2098FB262726B85000D07EDE /* Splan.xcdatamodeld in Sources */ = {isa = PBXBuildFile; fileRef = 2098FB242726B85000D07EDE /* Splan.xcdatamodeld */; };
		2098FB282726B85900D07EDE /* Assets.xcassets in Resources */ = {isa = PBXBuildFile; fileRef = 2098FB272726B85900D07EDE /* Assets.xcassets */; };
		2098FB2B2726B85900D07EDE /* LaunchScreen.storyboard in Resources */ = {isa = PBXBuildFile; fileRef = 2098FB292726B85900D07EDE /* LaunchScreen.storyboard */; };
		2098FB362726B85A00D07EDE /* SplanTests.swift in Sources */ = {isa = PBXBuildFile; fileRef = 2098FB352726B85A00D07EDE /* SplanTests.swift */; };
		2098FB412726B85A00D07EDE /* SplanUITests.swift in Sources */ = {isa = PBXBuildFile; fileRef = 2098FB402726B85A00D07EDE /* SplanUITests.swift */; };
		20C31DF4274770B700BF8382 /* TermAndCondtionViewController.swift in Sources */ = {isa = PBXBuildFile; fileRef = 20C31DF3274770B700BF8382 /* TermAndCondtionViewController.swift */; };
		20C31DFA27479ED600BF8382 /* PastPlanViewController.swift in Sources */ = {isa = PBXBuildFile; fileRef = 20C31DF927479ED600BF8382 /* PastPlanViewController.swift */; };
		20D5DA542726CEAD0078A4CC /* Poppins-Bold.ttf in Resources */ = {isa = PBXBuildFile; fileRef = 20D5DA4E2726CEAC0078A4CC /* Poppins-Bold.ttf */; };
		20D5DA552726CEAD0078A4CC /* Poppins-Regular.ttf in Resources */ = {isa = PBXBuildFile; fileRef = 20D5DA4F2726CEAC0078A4CC /* Poppins-Regular.ttf */; };
		20D5DA562726CEAD0078A4CC /* Poppins-ExtraBold.ttf in Resources */ = {isa = PBXBuildFile; fileRef = 20D5DA502726CEAC0078A4CC /* Poppins-ExtraBold.ttf */; };
		20D5DA572726CEAD0078A4CC /* Poppins-SemiBold.ttf in Resources */ = {isa = PBXBuildFile; fileRef = 20D5DA512726CEAD0078A4CC /* Poppins-SemiBold.ttf */; };
		20D5DA582726CEAD0078A4CC /* Poppins-Black.ttf in Resources */ = {isa = PBXBuildFile; fileRef = 20D5DA522726CEAD0078A4CC /* Poppins-Black.ttf */; };
		20D5DA592726CEAD0078A4CC /* Poppins-Medium.ttf in Resources */ = {isa = PBXBuildFile; fileRef = 20D5DA532726CEAD0078A4CC /* Poppins-Medium.ttf */; };
		20D5DA772726D2A20078A4CC /* constant.swift in Sources */ = {isa = PBXBuildFile; fileRef = 20D5DA702726D2A20078A4CC /* constant.swift */; };
		20D5DA782726D2A20078A4CC /* UserDefault.swift in Sources */ = {isa = PBXBuildFile; fileRef = 20D5DA712726D2A20078A4CC /* UserDefault.swift */; };
		20D5DA792726D2A20078A4CC /* ConnectionManager.swift in Sources */ = {isa = PBXBuildFile; fileRef = 20D5DA722726D2A20078A4CC /* ConnectionManager.swift */; };
		20D5DA7A2726D2A20078A4CC /* Reachability.swift in Sources */ = {isa = PBXBuildFile; fileRef = 20D5DA732726D2A20078A4CC /* Reachability.swift */; };
		20D5DA7B2726D2A20078A4CC /* IBDesignable.swift in Sources */ = {isa = PBXBuildFile; fileRef = 20D5DA742726D2A20078A4CC /* IBDesignable.swift */; };
		20D5DA7D2726D2A20078A4CC /* AlertMessages.swift in Sources */ = {isa = PBXBuildFile; fileRef = 20D5DA762726D2A20078A4CC /* AlertMessages.swift */; };
		20D5DA832726D2AC0078A4CC /* Services.swift in Sources */ = {isa = PBXBuildFile; fileRef = 20D5DA822726D2AC0078A4CC /* Services.swift */; };
		20D5DA892726D3050078A4CC /* NoInternetViewController.swift in Sources */ = {isa = PBXBuildFile; fileRef = 20D5DA882726D3040078A4CC /* NoInternetViewController.swift */; };
		20DB242C272BDEC000DEDEE2 /* SideMneuTableViewCell.swift in Sources */ = {isa = PBXBuildFile; fileRef = 20DB2429272BDEBF00DEDEE2 /* SideMneuTableViewCell.swift */; };
		20DB242E272BDEC000DEDEE2 /* SideMenuViewController.swift in Sources */ = {isa = PBXBuildFile; fileRef = 20DB242B272BDEBF00DEDEE2 /* SideMenuViewController.swift */; };
		20EA61392731387D001D8A21 /* EditProfileViewController.swift in Sources */ = {isa = PBXBuildFile; fileRef = 20EA61382731387D001D8A21 /* EditProfileViewController.swift */; };
		B73074D51ABFC488D4B25947 /* Pods_Splan_SplanUITests.framework in Frameworks */ = {isa = PBXBuildFile; fileRef = E445F3BEB21819750F465F55 /* Pods_Splan_SplanUITests.framework */; };
		BF2C5742A0EE02F5EEC128F5 /* Pods_Splan.framework in Frameworks */ = {isa = PBXBuildFile; fileRef = 01BDBA2996F9185B1621E53A /* Pods_Splan.framework */; };
		C382BC33B95650BEFC64FC48 /* Pods_SplanTests.framework in Frameworks */ = {isa = PBXBuildFile; fileRef = D13B0E1553A7F7FF2DF6630E /* Pods_SplanTests.framework */; };
/* End PBXBuildFile section */

/* Begin PBXContainerItemProxy section */
		2098FB322726B85A00D07EDE /* PBXContainerItemProxy */ = {
			isa = PBXContainerItemProxy;
			containerPortal = 2098FB102726B85000D07EDE /* Project object */;
			proxyType = 1;
			remoteGlobalIDString = 2098FB172726B85000D07EDE;
			remoteInfo = Splan;
		};
		2098FB3D2726B85A00D07EDE /* PBXContainerItemProxy */ = {
			isa = PBXContainerItemProxy;
			containerPortal = 2098FB102726B85000D07EDE /* Project object */;
			proxyType = 1;
			remoteGlobalIDString = 2098FB172726B85000D07EDE;
			remoteInfo = Splan;
		};
/* End PBXContainerItemProxy section */

/* Begin PBXFileReference section */
		01BDBA2996F9185B1621E53A /* Pods_Splan.framework */ = {isa = PBXFileReference; explicitFileType = wrapper.framework; includeInIndex = 0; path = Pods_Splan.framework; sourceTree = BUILT_PRODUCTS_DIR; };
		2008B6A8272ACB0100FBCA5D /* EditDetailsViewController.swift */ = {isa = PBXFileReference; lastKnownFileType = sourcecode.swift; path = EditDetailsViewController.swift; sourceTree = "<group>"; };
		2008B6B0272ACB5200FBCA5D /* UserListTableViewCell.swift */ = {isa = PBXFileReference; lastKnownFileType = sourcecode.swift; path = UserListTableViewCell.swift; sourceTree = "<group>"; };
		2008B6B1272ACB5200FBCA5D /* UserListTableViewCell.xib */ = {isa = PBXFileReference; lastKnownFileType = file.xib; path = UserListTableViewCell.xib; sourceTree = "<group>"; };
		201C3F02273E8755006423B7 /* BannerImageCollectionViewCell.swift */ = {isa = PBXFileReference; lastKnownFileType = sourcecode.swift; path = BannerImageCollectionViewCell.swift; sourceTree = "<group>"; };
		2026164C272FFBCA00FF013A /* MyProfileViewController.swift */ = {isa = PBXFileReference; lastKnownFileType = sourcecode.swift; path = MyProfileViewController.swift; sourceTree = "<group>"; };
		2031CB0A2744E61800B8BB80 /* CustomLocationViewController.swift */ = {isa = PBXFileReference; lastKnownFileType = sourcecode.swift; path = CustomLocationViewController.swift; sourceTree = "<group>"; };
		20424668273903970017C846 /* VenusViewController.swift */ = {isa = PBXFileReference; lastKnownFileType = sourcecode.swift; path = VenusViewController.swift; sourceTree = "<group>"; };
		2042466E273934100017C846 /* CreatePlanViewController.swift */ = {isa = PBXFileReference; lastKnownFileType = sourcecode.swift; path = CreatePlanViewController.swift; sourceTree = "<group>"; };
		205934E6273A497D002B86AC /* InviteFriendsViewController.swift */ = {isa = PBXFileReference; lastKnownFileType = sourcecode.swift; path = InviteFriendsViewController.swift; sourceTree = "<group>"; };
		205934EE273A928D002B86AC /* SelectContactViewController.swift */ = {isa = PBXFileReference; lastKnownFileType = sourcecode.swift; path = SelectContactViewController.swift; sourceTree = "<group>"; };
		205934F3273A92E5002B86AC /* ContactListTableViewCell.swift */ = {isa = PBXFileReference; lastKnownFileType = sourcecode.swift; path = ContactListTableViewCell.swift; sourceTree = "<group>"; };
		2070A17B273504B7005FB3E7 /* DescriptionPageViewController.swift */ = {isa = PBXFileReference; lastKnownFileType = sourcecode.swift; path = DescriptionPageViewController.swift; sourceTree = "<group>"; };
		2070A18427353CB8005FB3E7 /* ContactUsViewController.swift */ = {isa = PBXFileReference; lastKnownFileType = sourcecode.swift; path = ContactUsViewController.swift; sourceTree = "<group>"; };
		2074C79827283CBB004A9BCA /* LoginViewController.swift */ = {isa = PBXFileReference; lastKnownFileType = sourcecode.swift; path = LoginViewController.swift; sourceTree = "<group>"; };
		2074C7A027283D05004A9BCA /* RegisterViewController.swift */ = {isa = PBXFileReference; lastKnownFileType = sourcecode.swift; path = RegisterViewController.swift; sourceTree = "<group>"; };
		2074C7A527283D16004A9BCA /* GetOTPViewController.swift */ = {isa = PBXFileReference; lastKnownFileType = sourcecode.swift; path = GetOTPViewController.swift; sourceTree = "<group>"; };
		2074C7AA27283D27004A9BCA /* VerifyOTPViewController.swift */ = {isa = PBXFileReference; lastKnownFileType = sourcecode.swift; path = VerifyOTPViewController.swift; sourceTree = "<group>"; };
		2075EAA6272A9CAF00079DB6 /* MyPlanDetailsViewController.swift */ = {isa = PBXFileReference; lastKnownFileType = sourcecode.swift; path = MyPlanDetailsViewController.swift; sourceTree = "<group>"; };
		2075EAAF272A9E6000079DB6 /* InvitedUsersTableViewCell.swift */ = {isa = PBXFileReference; lastKnownFileType = sourcecode.swift; path = InvitedUsersTableViewCell.swift; sourceTree = "<group>"; };
		2075EAB0272A9E6000079DB6 /* InvitedUsersTableViewCell.xib */ = {isa = PBXFileReference; lastKnownFileType = file.xib; path = InvitedUsersTableViewCell.xib; sourceTree = "<group>"; };
		2085DB9A27297092001F5E7A /* HomeViewController.swift */ = {isa = PBXFileReference; lastKnownFileType = sourcecode.swift; path = HomeViewController.swift; sourceTree = "<group>"; };
		2085DBA42729712A001F5E7A /* EventPlaceTableViewCell.swift */ = {isa = PBXFileReference; lastKnownFileType = sourcecode.swift; path = EventPlaceTableViewCell.swift; sourceTree = "<group>"; };
		2085DBA52729712A001F5E7A /* EventPlaceTableViewCell.xib */ = {isa = PBXFileReference; lastKnownFileType = file.xib; path = EventPlaceTableViewCell.xib; sourceTree = "<group>"; };
		208FAB2927366C0A0063F056 /* InvitationDetailsViewController.swift */ = {isa = PBXFileReference; lastKnownFileType = sourcecode.swift; path = InvitationDetailsViewController.swift; sourceTree = "<group>"; };
		2098FB182726B85000D07EDE /* Splan.app */ = {isa = PBXFileReference; explicitFileType = wrapper.application; includeInIndex = 0; path = Splan.app; sourceTree = BUILT_PRODUCTS_DIR; };
		2098FB1B2726B85000D07EDE /* AppDelegate.swift */ = {isa = PBXFileReference; lastKnownFileType = sourcecode.swift; path = AppDelegate.swift; sourceTree = "<group>"; };
		2098FB1D2726B85000D07EDE /* SceneDelegate.swift */ = {isa = PBXFileReference; lastKnownFileType = sourcecode.swift; path = SceneDelegate.swift; sourceTree = "<group>"; };
		2098FB1F2726B85000D07EDE /* BaseViewController.swift */ = {isa = PBXFileReference; lastKnownFileType = sourcecode.swift; path = BaseViewController.swift; sourceTree = "<group>"; };
		2098FB222726B85000D07EDE /* Base */ = {isa = PBXFileReference; lastKnownFileType = file.storyboard; name = Base; path = Base.lproj/Main.storyboard; sourceTree = "<group>"; };
		2098FB252726B85000D07EDE /* Splan.xcdatamodel */ = {isa = PBXFileReference; lastKnownFileType = wrapper.xcdatamodel; path = Splan.xcdatamodel; sourceTree = "<group>"; };
		2098FB272726B85900D07EDE /* Assets.xcassets */ = {isa = PBXFileReference; lastKnownFileType = folder.assetcatalog; path = Assets.xcassets; sourceTree = "<group>"; };
		2098FB2A2726B85900D07EDE /* Base */ = {isa = PBXFileReference; lastKnownFileType = file.storyboard; name = Base; path = Base.lproj/LaunchScreen.storyboard; sourceTree = "<group>"; };
		2098FB2C2726B85A00D07EDE /* Info.plist */ = {isa = PBXFileReference; lastKnownFileType = text.plist.xml; path = Info.plist; sourceTree = "<group>"; };
		2098FB312726B85A00D07EDE /* SplanTests.xctest */ = {isa = PBXFileReference; explicitFileType = wrapper.cfbundle; includeInIndex = 0; path = SplanTests.xctest; sourceTree = BUILT_PRODUCTS_DIR; };
		2098FB352726B85A00D07EDE /* SplanTests.swift */ = {isa = PBXFileReference; lastKnownFileType = sourcecode.swift; path = SplanTests.swift; sourceTree = "<group>"; };
		2098FB372726B85A00D07EDE /* Info.plist */ = {isa = PBXFileReference; lastKnownFileType = text.plist.xml; path = Info.plist; sourceTree = "<group>"; };
		2098FB3C2726B85A00D07EDE /* SplanUITests.xctest */ = {isa = PBXFileReference; explicitFileType = wrapper.cfbundle; includeInIndex = 0; path = SplanUITests.xctest; sourceTree = BUILT_PRODUCTS_DIR; };
		2098FB402726B85A00D07EDE /* SplanUITests.swift */ = {isa = PBXFileReference; lastKnownFileType = sourcecode.swift; path = SplanUITests.swift; sourceTree = "<group>"; };
		2098FB422726B85A00D07EDE /* Info.plist */ = {isa = PBXFileReference; lastKnownFileType = text.plist.xml; path = Info.plist; sourceTree = "<group>"; };
		20C31DF3274770B700BF8382 /* TermAndCondtionViewController.swift */ = {isa = PBXFileReference; lastKnownFileType = sourcecode.swift; path = TermAndCondtionViewController.swift; sourceTree = "<group>"; };
		20C31DF927479ED600BF8382 /* PastPlanViewController.swift */ = {isa = PBXFileReference; lastKnownFileType = sourcecode.swift; path = PastPlanViewController.swift; sourceTree = "<group>"; };
		20D5DA4E2726CEAC0078A4CC /* Poppins-Bold.ttf */ = {isa = PBXFileReference; lastKnownFileType = file; path = "Poppins-Bold.ttf"; sourceTree = "<group>"; };
		20D5DA4F2726CEAC0078A4CC /* Poppins-Regular.ttf */ = {isa = PBXFileReference; lastKnownFileType = file; path = "Poppins-Regular.ttf"; sourceTree = "<group>"; };
		20D5DA502726CEAC0078A4CC /* Poppins-ExtraBold.ttf */ = {isa = PBXFileReference; lastKnownFileType = file; path = "Poppins-ExtraBold.ttf"; sourceTree = "<group>"; };
		20D5DA512726CEAD0078A4CC /* Poppins-SemiBold.ttf */ = {isa = PBXFileReference; lastKnownFileType = file; path = "Poppins-SemiBold.ttf"; sourceTree = "<group>"; };
		20D5DA522726CEAD0078A4CC /* Poppins-Black.ttf */ = {isa = PBXFileReference; lastKnownFileType = file; path = "Poppins-Black.ttf"; sourceTree = "<group>"; };
		20D5DA532726CEAD0078A4CC /* Poppins-Medium.ttf */ = {isa = PBXFileReference; lastKnownFileType = file; path = "Poppins-Medium.ttf"; sourceTree = "<group>"; };
		20D5DA702726D2A20078A4CC /* constant.swift */ = {isa = PBXFileReference; fileEncoding = 4; lastKnownFileType = sourcecode.swift; path = constant.swift; sourceTree = "<group>"; };
		20D5DA712726D2A20078A4CC /* UserDefault.swift */ = {isa = PBXFileReference; fileEncoding = 4; lastKnownFileType = sourcecode.swift; path = UserDefault.swift; sourceTree = "<group>"; };
		20D5DA722726D2A20078A4CC /* ConnectionManager.swift */ = {isa = PBXFileReference; fileEncoding = 4; lastKnownFileType = sourcecode.swift; path = ConnectionManager.swift; sourceTree = "<group>"; };
		20D5DA732726D2A20078A4CC /* Reachability.swift */ = {isa = PBXFileReference; fileEncoding = 4; lastKnownFileType = sourcecode.swift; path = Reachability.swift; sourceTree = "<group>"; };
		20D5DA742726D2A20078A4CC /* IBDesignable.swift */ = {isa = PBXFileReference; fileEncoding = 4; lastKnownFileType = sourcecode.swift; path = IBDesignable.swift; sourceTree = "<group>"; };
		20D5DA762726D2A20078A4CC /* AlertMessages.swift */ = {isa = PBXFileReference; fileEncoding = 4; lastKnownFileType = sourcecode.swift; path = AlertMessages.swift; sourceTree = "<group>"; };
		20D5DA822726D2AC0078A4CC /* Services.swift */ = {isa = PBXFileReference; fileEncoding = 4; lastKnownFileType = sourcecode.swift; path = Services.swift; sourceTree = "<group>"; };
		20D5DA882726D3040078A4CC /* NoInternetViewController.swift */ = {isa = PBXFileReference; fileEncoding = 4; lastKnownFileType = sourcecode.swift; path = NoInternetViewController.swift; sourceTree = "<group>"; };
		20DB2429272BDEBF00DEDEE2 /* SideMneuTableViewCell.swift */ = {isa = PBXFileReference; fileEncoding = 4; lastKnownFileType = sourcecode.swift; path = SideMneuTableViewCell.swift; sourceTree = "<group>"; };
		20DB242B272BDEBF00DEDEE2 /* SideMenuViewController.swift */ = {isa = PBXFileReference; fileEncoding = 4; lastKnownFileType = sourcecode.swift; path = SideMenuViewController.swift; sourceTree = "<group>"; };
		20EA61382731387D001D8A21 /* EditProfileViewController.swift */ = {isa = PBXFileReference; lastKnownFileType = sourcecode.swift; path = EditProfileViewController.swift; sourceTree = "<group>"; };
		2CF0EE9D3108A28AAFF9E346 /* Pods-Splan.release.xcconfig */ = {isa = PBXFileReference; includeInIndex = 1; lastKnownFileType = text.xcconfig; name = "Pods-Splan.release.xcconfig"; path = "Target Support Files/Pods-Splan/Pods-Splan.release.xcconfig"; sourceTree = "<group>"; };
		3C47F9F53921CFBAE2D72D8E /* Pods-SplanTests.release.xcconfig */ = {isa = PBXFileReference; includeInIndex = 1; lastKnownFileType = text.xcconfig; name = "Pods-SplanTests.release.xcconfig"; path = "Target Support Files/Pods-SplanTests/Pods-SplanTests.release.xcconfig"; sourceTree = "<group>"; };
		4CDACDDD278429EBDCA75FCA /* Pods-Splan-SplanUITests.debug.xcconfig */ = {isa = PBXFileReference; includeInIndex = 1; lastKnownFileType = text.xcconfig; name = "Pods-Splan-SplanUITests.debug.xcconfig"; path = "Target Support Files/Pods-Splan-SplanUITests/Pods-Splan-SplanUITests.debug.xcconfig"; sourceTree = "<group>"; };
		8E5EC0F576A73CFE0304B1EA /* Pods-Splan.debug.xcconfig */ = {isa = PBXFileReference; includeInIndex = 1; lastKnownFileType = text.xcconfig; name = "Pods-Splan.debug.xcconfig"; path = "Target Support Files/Pods-Splan/Pods-Splan.debug.xcconfig"; sourceTree = "<group>"; };
		8F336F7B5D9EE6E3D9BBB016 /* Pods-SplanTests.debug.xcconfig */ = {isa = PBXFileReference; includeInIndex = 1; lastKnownFileType = text.xcconfig; name = "Pods-SplanTests.debug.xcconfig"; path = "Target Support Files/Pods-SplanTests/Pods-SplanTests.debug.xcconfig"; sourceTree = "<group>"; };
		D13B0E1553A7F7FF2DF6630E /* Pods_SplanTests.framework */ = {isa = PBXFileReference; explicitFileType = wrapper.framework; includeInIndex = 0; path = Pods_SplanTests.framework; sourceTree = BUILT_PRODUCTS_DIR; };
		E445F3BEB21819750F465F55 /* Pods_Splan_SplanUITests.framework */ = {isa = PBXFileReference; explicitFileType = wrapper.framework; includeInIndex = 0; path = Pods_Splan_SplanUITests.framework; sourceTree = BUILT_PRODUCTS_DIR; };
		F414D8060F33931C507CA9A0 /* Pods-Splan-SplanUITests.release.xcconfig */ = {isa = PBXFileReference; includeInIndex = 1; lastKnownFileType = text.xcconfig; name = "Pods-Splan-SplanUITests.release.xcconfig"; path = "Target Support Files/Pods-Splan-SplanUITests/Pods-Splan-SplanUITests.release.xcconfig"; sourceTree = "<group>"; };
/* End PBXFileReference section */

/* Begin PBXFrameworksBuildPhase section */
		2098FB152726B85000D07EDE /* Frameworks */ = {
			isa = PBXFrameworksBuildPhase;
			buildActionMask = 2147483647;
			files = (
				BF2C5742A0EE02F5EEC128F5 /* Pods_Splan.framework in Frameworks */,
			);
			runOnlyForDeploymentPostprocessing = 0;
		};
		2098FB2E2726B85A00D07EDE /* Frameworks */ = {
			isa = PBXFrameworksBuildPhase;
			buildActionMask = 2147483647;
			files = (
				C382BC33B95650BEFC64FC48 /* Pods_SplanTests.framework in Frameworks */,
			);
			runOnlyForDeploymentPostprocessing = 0;
		};
		2098FB392726B85A00D07EDE /* Frameworks */ = {
			isa = PBXFrameworksBuildPhase;
			buildActionMask = 2147483647;
			files = (
				B73074D51ABFC488D4B25947 /* Pods_Splan_SplanUITests.framework in Frameworks */,
			);
			runOnlyForDeploymentPostprocessing = 0;
		};
/* End PBXFrameworksBuildPhase section */

/* Begin PBXGroup section */
		2008B6A7272ACAD900FBCA5D /* Edit Details Page */ = {
			isa = PBXGroup;
			children = (
				2008B6A8272ACB0100FBCA5D /* EditDetailsViewController.swift */,
			);
			path = "Edit Details Page";
			sourceTree = "<group>";
		};
		2026164B272FFBA300FF013A /* My Profile */ = {
			isa = PBXGroup;
			children = (
				2026164C272FFBCA00FF013A /* MyProfileViewController.swift */,
				20EA61382731387D001D8A21 /* EditProfileViewController.swift */,
			);
			path = "My Profile";
			sourceTree = "<group>";
		};
		2031CB092744E5AC00B8BB80 /* Custom Location */ = {
			isa = PBXGroup;
			children = (
				2031CB0A2744E61800B8BB80 /* CustomLocationViewController.swift */,
			);
			path = "Custom Location";
			sourceTree = "<group>";
		};
		20424667273903780017C846 /* Venues Page */ = {
			isa = PBXGroup;
			children = (
				20424668273903970017C846 /* VenusViewController.swift */,
			);
			path = "Venues Page";
			sourceTree = "<group>";
		};
		2042466D273933F70017C846 /* Create Plan */ = {
			isa = PBXGroup;
			children = (
				2042466E273934100017C846 /* CreatePlanViewController.swift */,
				201C3F02273E8755006423B7 /* BannerImageCollectionViewCell.swift */,
			);
			path = "Create Plan";
			sourceTree = "<group>";
		};
		205934E5273A493E002B86AC /* Invite Friends */ = {
			isa = PBXGroup;
			children = (
				205934E6273A497D002B86AC /* InviteFriendsViewController.swift */,
				205934EE273A928D002B86AC /* SelectContactViewController.swift */,
				205934F3273A92E5002B86AC /* ContactListTableViewCell.swift */,
			);
			path = "Invite Friends";
			sourceTree = "<group>";
		};
		2070A17A27350496005FB3E7 /* Description Page */ = {
			isa = PBXGroup;
			children = (
				2070A17B273504B7005FB3E7 /* DescriptionPageViewController.swift */,
				20C31DF3274770B700BF8382 /* TermAndCondtionViewController.swift */,
			);
			path = "Description Page";
			sourceTree = "<group>";
		};
		2070A18327353C9D005FB3E7 /* Contact Us Page */ = {
			isa = PBXGroup;
			children = (
				2070A18427353CB8005FB3E7 /* ContactUsViewController.swift */,
			);
			path = "Contact Us Page";
			sourceTree = "<group>";
		};
		2074C79627283C82004A9BCA /* Login Page */ = {
			isa = PBXGroup;
			children = (
				2074C79827283CBB004A9BCA /* LoginViewController.swift */,
			);
			path = "Login Page";
			sourceTree = "<group>";
		};
		2074C79727283C8D004A9BCA /* Sign up Page */ = {
			isa = PBXGroup;
			children = (
				2074C7A027283D05004A9BCA /* RegisterViewController.swift */,
				2074C7A527283D16004A9BCA /* GetOTPViewController.swift */,
				2074C7AA27283D27004A9BCA /* VerifyOTPViewController.swift */,
			);
			path = "Sign up Page";
			sourceTree = "<group>";
		};
		2075EAA5272A9C4200079DB6 /* My Plan Details Page */ = {
			isa = PBXGroup;
			children = (
				2075EAA6272A9CAF00079DB6 /* MyPlanDetailsViewController.swift */,
			);
			path = "My Plan Details Page";
			sourceTree = "<group>";
		};
		2075EAAE272A9E1700079DB6 /* Common Cell */ = {
			isa = PBXGroup;
			children = (
				2085DBA42729712A001F5E7A /* EventPlaceTableViewCell.swift */,
				2085DBA52729712A001F5E7A /* EventPlaceTableViewCell.xib */,
				2075EAAF272A9E6000079DB6 /* InvitedUsersTableViewCell.swift */,
				2075EAB0272A9E6000079DB6 /* InvitedUsersTableViewCell.xib */,
				2008B6B0272ACB5200FBCA5D /* UserListTableViewCell.swift */,
				2008B6B1272ACB5200FBCA5D /* UserListTableViewCell.xib */,
			);
			path = "Common Cell";
			sourceTree = "<group>";
		};
		2085DB962729704B001F5E7A /* Home Page */ = {
			isa = PBXGroup;
			children = (
				2085DB9A27297092001F5E7A /* HomeViewController.swift */,
			);
			path = "Home Page";
			sourceTree = "<group>";
		};
		208FAB2827366BE60063F056 /* Invitation Details */ = {
			isa = PBXGroup;
			children = (
				208FAB2927366C0A0063F056 /* InvitationDetailsViewController.swift */,
			);
			path = "Invitation Details";
			sourceTree = "<group>";
		};
		2098FB0F2726B85000D07EDE = {
			isa = PBXGroup;
			children = (
				2098FB1A2726B85000D07EDE /* Splan */,
				2098FB342726B85A00D07EDE /* SplanTests */,
				2098FB3F2726B85A00D07EDE /* SplanUITests */,
				2098FB192726B85000D07EDE /* Products */,
				938D978A6774A4759B12C2DD /* Pods */,
				C60776B42E694576CA71DFB7 /* Frameworks */,
			);
			sourceTree = "<group>";
		};
		2098FB192726B85000D07EDE /* Products */ = {
			isa = PBXGroup;
			children = (
				2098FB182726B85000D07EDE /* Splan.app */,
				2098FB312726B85A00D07EDE /* SplanTests.xctest */,
				2098FB3C2726B85A00D07EDE /* SplanUITests.xctest */,
			);
			name = Products;
			sourceTree = "<group>";
		};
		2098FB1A2726B85000D07EDE /* Splan */ = {
			isa = PBXGroup;
			children = (
				20D5DA812726D2AC0078A4CC /* Service Call */,
				20D5DA6F2726D2A20078A4CC /* Constant */,
				20D5DA4D2726CD550078A4CC /* Font */,
				20C421492726BB8A0023FA23 /* CoreData */,
				20C421482726BB810023FA23 /* Views */,
				20C421472726BB740023FA23 /* Controllers */,
				20C421462726BB5E0023FA23 /* Delegates */,
				2098FB272726B85900D07EDE /* Assets.xcassets */,
				2098FB2C2726B85A00D07EDE /* Info.plist */,
			);
			path = Splan;
			sourceTree = "<group>";
		};
		2098FB342726B85A00D07EDE /* SplanTests */ = {
			isa = PBXGroup;
			children = (
				2098FB352726B85A00D07EDE /* SplanTests.swift */,
				2098FB372726B85A00D07EDE /* Info.plist */,
			);
			path = SplanTests;
			sourceTree = "<group>";
		};
		2098FB3F2726B85A00D07EDE /* SplanUITests */ = {
			isa = PBXGroup;
			children = (
				2098FB402726B85A00D07EDE /* SplanUITests.swift */,
				2098FB422726B85A00D07EDE /* Info.plist */,
			);
			path = SplanUITests;
			sourceTree = "<group>";
		};
		20C31DF827479EBB00BF8382 /* Past Plan */ = {
			isa = PBXGroup;
			children = (
				20C31DF927479ED600BF8382 /* PastPlanViewController.swift */,
			);
			path = "Past Plan";
			sourceTree = "<group>";
		};
		20C421462726BB5E0023FA23 /* Delegates */ = {
			isa = PBXGroup;
			children = (
				2098FB1B2726B85000D07EDE /* AppDelegate.swift */,
				2098FB1D2726B85000D07EDE /* SceneDelegate.swift */,
			);
			path = Delegates;
			sourceTree = "<group>";
		};
		20C421472726BB740023FA23 /* Controllers */ = {
			isa = PBXGroup;
			children = (
				20C31DF827479EBB00BF8382 /* Past Plan */,
				2031CB092744E5AC00B8BB80 /* Custom Location */,
				205934E5273A493E002B86AC /* Invite Friends */,
				2042466D273933F70017C846 /* Create Plan */,
				20424667273903780017C846 /* Venues Page */,
				208FAB2827366BE60063F056 /* Invitation Details */,
				2070A18327353C9D005FB3E7 /* Contact Us Page */,
				2070A17A27350496005FB3E7 /* Description Page */,
				2026164B272FFBA300FF013A /* My Profile */,
				20DB2428272BDE9E00DEDEE2 /* Side Menu */,
				2008B6A7272ACAD900FBCA5D /* Edit Details Page */,
				2075EAAE272A9E1700079DB6 /* Common Cell */,
				2075EAA5272A9C4200079DB6 /* My Plan Details Page */,
				2085DB962729704B001F5E7A /* Home Page */,
				2074C79727283C8D004A9BCA /* Sign up Page */,
				2074C79627283C82004A9BCA /* Login Page */,
				20D5DA902726E6F90078A4CC /* BaseView */,
				20D5DA872726D3040078A4CC /* No Internet */,
			);
			path = Controllers;
			sourceTree = "<group>";
		};
		20C421482726BB810023FA23 /* Views */ = {
			isa = PBXGroup;
			children = (
				2098FB212726B85000D07EDE /* Main.storyboard */,
				2098FB292726B85900D07EDE /* LaunchScreen.storyboard */,
			);
			path = Views;
			sourceTree = "<group>";
		};
		20C421492726BB8A0023FA23 /* CoreData */ = {
			isa = PBXGroup;
			children = (
				2098FB242726B85000D07EDE /* Splan.xcdatamodeld */,
			);
			path = CoreData;
			sourceTree = "<group>";
		};
		20D5DA4D2726CD550078A4CC /* Font */ = {
			isa = PBXGroup;
			children = (
				20D5DA522726CEAD0078A4CC /* Poppins-Black.ttf */,
				20D5DA4E2726CEAC0078A4CC /* Poppins-Bold.ttf */,
				20D5DA502726CEAC0078A4CC /* Poppins-ExtraBold.ttf */,
				20D5DA532726CEAD0078A4CC /* Poppins-Medium.ttf */,
				20D5DA4F2726CEAC0078A4CC /* Poppins-Regular.ttf */,
				20D5DA512726CEAD0078A4CC /* Poppins-SemiBold.ttf */,
			);
			path = Font;
			sourceTree = "<group>";
		};
		20D5DA6F2726D2A20078A4CC /* Constant */ = {
			isa = PBXGroup;
			children = (
				20D5DA702726D2A20078A4CC /* constant.swift */,
				20D5DA712726D2A20078A4CC /* UserDefault.swift */,
				20D5DA742726D2A20078A4CC /* IBDesignable.swift */,
				20D5DA762726D2A20078A4CC /* AlertMessages.swift */,
			);
			path = Constant;
			sourceTree = "<group>";
		};
		20D5DA812726D2AC0078A4CC /* Service Call */ = {
			isa = PBXGroup;
			children = (
				20D5DA822726D2AC0078A4CC /* Services.swift */,
			);
			path = "Service Call";
			sourceTree = "<group>";
		};
		20D5DA872726D3040078A4CC /* No Internet */ = {
			isa = PBXGroup;
			children = (
				20D5DA722726D2A20078A4CC /* ConnectionManager.swift */,
				20D5DA732726D2A20078A4CC /* Reachability.swift */,
				20D5DA882726D3040078A4CC /* NoInternetViewController.swift */,
			);
			path = "No Internet";
			sourceTree = "<group>";
		};
		20D5DA902726E6F90078A4CC /* BaseView */ = {
			isa = PBXGroup;
			children = (
				2098FB1F2726B85000D07EDE /* BaseViewController.swift */,
			);
			path = BaseView;
			sourceTree = "<group>";
		};
		20DB2428272BDE9E00DEDEE2 /* Side Menu */ = {
			isa = PBXGroup;
			children = (
				20DB242B272BDEBF00DEDEE2 /* SideMenuViewController.swift */,
				20DB2429272BDEBF00DEDEE2 /* SideMneuTableViewCell.swift */,
			);
			path = "Side Menu";
			sourceTree = "<group>";
		};
		938D978A6774A4759B12C2DD /* Pods */ = {
			isa = PBXGroup;
			children = (
				8E5EC0F576A73CFE0304B1EA /* Pods-Splan.debug.xcconfig */,
				2CF0EE9D3108A28AAFF9E346 /* Pods-Splan.release.xcconfig */,
				4CDACDDD278429EBDCA75FCA /* Pods-Splan-SplanUITests.debug.xcconfig */,
				F414D8060F33931C507CA9A0 /* Pods-Splan-SplanUITests.release.xcconfig */,
				8F336F7B5D9EE6E3D9BBB016 /* Pods-SplanTests.debug.xcconfig */,
				3C47F9F53921CFBAE2D72D8E /* Pods-SplanTests.release.xcconfig */,
			);
			path = Pods;
			sourceTree = "<group>";
		};
		C60776B42E694576CA71DFB7 /* Frameworks */ = {
			isa = PBXGroup;
			children = (
				01BDBA2996F9185B1621E53A /* Pods_Splan.framework */,
				E445F3BEB21819750F465F55 /* Pods_Splan_SplanUITests.framework */,
				D13B0E1553A7F7FF2DF6630E /* Pods_SplanTests.framework */,
			);
			name = Frameworks;
			sourceTree = "<group>";
		};
/* End PBXGroup section */

/* Begin PBXNativeTarget section */
		2098FB172726B85000D07EDE /* Splan */ = {
			isa = PBXNativeTarget;
			buildConfigurationList = 2098FB452726B85A00D07EDE /* Build configuration list for PBXNativeTarget "Splan" */;
			buildPhases = (
				CC089674E19E2C0553A84E55 /* [CP] Check Pods Manifest.lock */,
				2098FB142726B85000D07EDE /* Sources */,
				2098FB152726B85000D07EDE /* Frameworks */,
				2098FB162726B85000D07EDE /* Resources */,
				AFA074CDD3DEC217E7975178 /* [CP] Embed Pods Frameworks */,
				7424BE8A1436F67924D8898A /* [CP] Copy Pods Resources */,
			);
			buildRules = (
			);
			dependencies = (
			);
			name = Splan;
			productName = Splan;
			productReference = 2098FB182726B85000D07EDE /* Splan.app */;
			productType = "com.apple.product-type.application";
		};
		2098FB302726B85A00D07EDE /* SplanTests */ = {
			isa = PBXNativeTarget;
			buildConfigurationList = 2098FB482726B85A00D07EDE /* Build configuration list for PBXNativeTarget "SplanTests" */;
			buildPhases = (
				E45FE8465E9CFCEF405DFAEB /* [CP] Check Pods Manifest.lock */,
				2098FB2D2726B85A00D07EDE /* Sources */,
				2098FB2E2726B85A00D07EDE /* Frameworks */,
				2098FB2F2726B85A00D07EDE /* Resources */,
			);
			buildRules = (
			);
			dependencies = (
				2098FB332726B85A00D07EDE /* PBXTargetDependency */,
			);
			name = SplanTests;
			productName = SplanTests;
			productReference = 2098FB312726B85A00D07EDE /* SplanTests.xctest */;
			productType = "com.apple.product-type.bundle.unit-test";
		};
		2098FB3B2726B85A00D07EDE /* SplanUITests */ = {
			isa = PBXNativeTarget;
			buildConfigurationList = 2098FB4B2726B85A00D07EDE /* Build configuration list for PBXNativeTarget "SplanUITests" */;
			buildPhases = (
				754B974C44E4D086DDBD2681 /* [CP] Check Pods Manifest.lock */,
				2098FB382726B85A00D07EDE /* Sources */,
				2098FB392726B85A00D07EDE /* Frameworks */,
				2098FB3A2726B85A00D07EDE /* Resources */,
				35F93BD04F1D829BCE91D6FF /* [CP] Embed Pods Frameworks */,
				04DFCA83E26526EF53759852 /* [CP] Copy Pods Resources */,
			);
			buildRules = (
			);
			dependencies = (
				2098FB3E2726B85A00D07EDE /* PBXTargetDependency */,
			);
			name = SplanUITests;
			productName = SplanUITests;
			productReference = 2098FB3C2726B85A00D07EDE /* SplanUITests.xctest */;
			productType = "com.apple.product-type.bundle.ui-testing";
		};
/* End PBXNativeTarget section */

/* Begin PBXProject section */
		2098FB102726B85000D07EDE /* Project object */ = {
			isa = PBXProject;
			attributes = {
				LastSwiftUpdateCheck = 1220;
				LastUpgradeCheck = 1220;
				TargetAttributes = {
					2098FB172726B85000D07EDE = {
						CreatedOnToolsVersion = 12.2;
					};
					2098FB302726B85A00D07EDE = {
						CreatedOnToolsVersion = 12.2;
						TestTargetID = 2098FB172726B85000D07EDE;
					};
					2098FB3B2726B85A00D07EDE = {
						CreatedOnToolsVersion = 12.2;
						TestTargetID = 2098FB172726B85000D07EDE;
					};
				};
			};
			buildConfigurationList = 2098FB132726B85000D07EDE /* Build configuration list for PBXProject "Splan" */;
			compatibilityVersion = "Xcode 9.3";
			developmentRegion = en;
			hasScannedForEncodings = 0;
			knownRegions = (
				en,
				Base,
			);
			mainGroup = 2098FB0F2726B85000D07EDE;
			productRefGroup = 2098FB192726B85000D07EDE /* Products */;
			projectDirPath = "";
			projectRoot = "";
			targets = (
				2098FB172726B85000D07EDE /* Splan */,
				2098FB302726B85A00D07EDE /* SplanTests */,
				2098FB3B2726B85A00D07EDE /* SplanUITests */,
			);
		};
/* End PBXProject section */

/* Begin PBXResourcesBuildPhase section */
		2098FB162726B85000D07EDE /* Resources */ = {
			isa = PBXResourcesBuildPhase;
			buildActionMask = 2147483647;
			files = (
				20D5DA582726CEAD0078A4CC /* Poppins-Black.ttf in Resources */,
				2098FB2B2726B85900D07EDE /* LaunchScreen.storyboard in Resources */,
				2075EAB2272A9E6000079DB6 /* InvitedUsersTableViewCell.xib in Resources */,
				20D5DA572726CEAD0078A4CC /* Poppins-SemiBold.ttf in Resources */,
				2098FB282726B85900D07EDE /* Assets.xcassets in Resources */,
				2085DBA72729712A001F5E7A /* EventPlaceTableViewCell.xib in Resources */,
				2098FB232726B85000D07EDE /* Main.storyboard in Resources */,
				20D5DA542726CEAD0078A4CC /* Poppins-Bold.ttf in Resources */,
				2008B6B3272ACB5200FBCA5D /* UserListTableViewCell.xib in Resources */,
				20D5DA592726CEAD0078A4CC /* Poppins-Medium.ttf in Resources */,
				20D5DA562726CEAD0078A4CC /* Poppins-ExtraBold.ttf in Resources */,
				20D5DA552726CEAD0078A4CC /* Poppins-Regular.ttf in Resources */,
			);
			runOnlyForDeploymentPostprocessing = 0;
		};
		2098FB2F2726B85A00D07EDE /* Resources */ = {
			isa = PBXResourcesBuildPhase;
			buildActionMask = 2147483647;
			files = (
			);
			runOnlyForDeploymentPostprocessing = 0;
		};
		2098FB3A2726B85A00D07EDE /* Resources */ = {
			isa = PBXResourcesBuildPhase;
			buildActionMask = 2147483647;
			files = (
			);
			runOnlyForDeploymentPostprocessing = 0;
		};
/* End PBXResourcesBuildPhase section */

/* Begin PBXShellScriptBuildPhase section */
		04DFCA83E26526EF53759852 /* [CP] Copy Pods Resources */ = {
			isa = PBXShellScriptBuildPhase;
			buildActionMask = 2147483647;
			files = (
			);
			inputFileListPaths = (
				"${PODS_ROOT}/Target Support Files/Pods-Splan-SplanUITests/Pods-Splan-SplanUITests-resources-${CONFIGURATION}-input-files.xcfilelist",
			);
			name = "[CP] Copy Pods Resources";
			outputFileListPaths = (
				"${PODS_ROOT}/Target Support Files/Pods-Splan-SplanUITests/Pods-Splan-SplanUITests-resources-${CONFIGURATION}-output-files.xcfilelist",
			);
			runOnlyForDeploymentPostprocessing = 0;
			shellPath = /bin/sh;
			shellScript = "\"${PODS_ROOT}/Target Support Files/Pods-Splan-SplanUITests/Pods-Splan-SplanUITests-resources.sh\"\n";
			showEnvVarsInLog = 0;
		};
		35F93BD04F1D829BCE91D6FF /* [CP] Embed Pods Frameworks */ = {
			isa = PBXShellScriptBuildPhase;
			buildActionMask = 2147483647;
			files = (
			);
			inputFileListPaths = (
				"${PODS_ROOT}/Target Support Files/Pods-Splan-SplanUITests/Pods-Splan-SplanUITests-frameworks-${CONFIGURATION}-input-files.xcfilelist",
			);
			name = "[CP] Embed Pods Frameworks";
			outputFileListPaths = (
				"${PODS_ROOT}/Target Support Files/Pods-Splan-SplanUITests/Pods-Splan-SplanUITests-frameworks-${CONFIGURATION}-output-files.xcfilelist",
			);
			runOnlyForDeploymentPostprocessing = 0;
			shellPath = /bin/sh;
			shellScript = "\"${PODS_ROOT}/Target Support Files/Pods-Splan-SplanUITests/Pods-Splan-SplanUITests-frameworks.sh\"\n";
			showEnvVarsInLog = 0;
		};
		7424BE8A1436F67924D8898A /* [CP] Copy Pods Resources */ = {
			isa = PBXShellScriptBuildPhase;
			buildActionMask = 2147483647;
			files = (
			);
			inputFileListPaths = (
				"${PODS_ROOT}/Target Support Files/Pods-Splan/Pods-Splan-resources-${CONFIGURATION}-input-files.xcfilelist",
			);
			name = "[CP] Copy Pods Resources";
			outputFileListPaths = (
				"${PODS_ROOT}/Target Support Files/Pods-Splan/Pods-Splan-resources-${CONFIGURATION}-output-files.xcfilelist",
			);
			runOnlyForDeploymentPostprocessing = 0;
			shellPath = /bin/sh;
			shellScript = "\"${PODS_ROOT}/Target Support Files/Pods-Splan/Pods-Splan-resources.sh\"\n";
			showEnvVarsInLog = 0;
		};
		754B974C44E4D086DDBD2681 /* [CP] Check Pods Manifest.lock */ = {
			isa = PBXShellScriptBuildPhase;
			buildActionMask = 2147483647;
			files = (
			);
			inputFileListPaths = (
			);
			inputPaths = (
				"${PODS_PODFILE_DIR_PATH}/Podfile.lock",
				"${PODS_ROOT}/Manifest.lock",
			);
			name = "[CP] Check Pods Manifest.lock";
			outputFileListPaths = (
			);
			outputPaths = (
				"$(DERIVED_FILE_DIR)/Pods-Splan-SplanUITests-checkManifestLockResult.txt",
			);
			runOnlyForDeploymentPostprocessing = 0;
			shellPath = /bin/sh;
			shellScript = "diff \"${PODS_PODFILE_DIR_PATH}/Podfile.lock\" \"${PODS_ROOT}/Manifest.lock\" > /dev/null\nif [ $? != 0 ] ; then\n    # print error to STDERR\n    echo \"error: The sandbox is not in sync with the Podfile.lock. Run 'pod install' or update your CocoaPods installation.\" >&2\n    exit 1\nfi\n# This output is used by Xcode 'outputs' to avoid re-running this script phase.\necho \"SUCCESS\" > \"${SCRIPT_OUTPUT_FILE_0}\"\n";
			showEnvVarsInLog = 0;
		};
		AFA074CDD3DEC217E7975178 /* [CP] Embed Pods Frameworks */ = {
			isa = PBXShellScriptBuildPhase;
			buildActionMask = 2147483647;
			files = (
			);
			inputFileListPaths = (
				"${PODS_ROOT}/Target Support Files/Pods-Splan/Pods-Splan-frameworks-${CONFIGURATION}-input-files.xcfilelist",
			);
			name = "[CP] Embed Pods Frameworks";
			outputFileListPaths = (
				"${PODS_ROOT}/Target Support Files/Pods-Splan/Pods-Splan-frameworks-${CONFIGURATION}-output-files.xcfilelist",
			);
			runOnlyForDeploymentPostprocessing = 0;
			shellPath = /bin/sh;
			shellScript = "\"${PODS_ROOT}/Target Support Files/Pods-Splan/Pods-Splan-frameworks.sh\"\n";
			showEnvVarsInLog = 0;
		};
		CC089674E19E2C0553A84E55 /* [CP] Check Pods Manifest.lock */ = {
			isa = PBXShellScriptBuildPhase;
			buildActionMask = 2147483647;
			files = (
			);
			inputFileListPaths = (
			);
			inputPaths = (
				"${PODS_PODFILE_DIR_PATH}/Podfile.lock",
				"${PODS_ROOT}/Manifest.lock",
			);
			name = "[CP] Check Pods Manifest.lock";
			outputFileListPaths = (
			);
			outputPaths = (
				"$(DERIVED_FILE_DIR)/Pods-Splan-checkManifestLockResult.txt",
			);
			runOnlyForDeploymentPostprocessing = 0;
			shellPath = /bin/sh;
			shellScript = "diff \"${PODS_PODFILE_DIR_PATH}/Podfile.lock\" \"${PODS_ROOT}/Manifest.lock\" > /dev/null\nif [ $? != 0 ] ; then\n    # print error to STDERR\n    echo \"error: The sandbox is not in sync with the Podfile.lock. Run 'pod install' or update your CocoaPods installation.\" >&2\n    exit 1\nfi\n# This output is used by Xcode 'outputs' to avoid re-running this script phase.\necho \"SUCCESS\" > \"${SCRIPT_OUTPUT_FILE_0}\"\n";
			showEnvVarsInLog = 0;
		};
		E45FE8465E9CFCEF405DFAEB /* [CP] Check Pods Manifest.lock */ = {
			isa = PBXShellScriptBuildPhase;
			buildActionMask = 2147483647;
			files = (
			);
			inputFileListPaths = (
			);
			inputPaths = (
				"${PODS_PODFILE_DIR_PATH}/Podfile.lock",
				"${PODS_ROOT}/Manifest.lock",
			);
			name = "[CP] Check Pods Manifest.lock";
			outputFileListPaths = (
			);
			outputPaths = (
				"$(DERIVED_FILE_DIR)/Pods-SplanTests-checkManifestLockResult.txt",
			);
			runOnlyForDeploymentPostprocessing = 0;
			shellPath = /bin/sh;
			shellScript = "diff \"${PODS_PODFILE_DIR_PATH}/Podfile.lock\" \"${PODS_ROOT}/Manifest.lock\" > /dev/null\nif [ $? != 0 ] ; then\n    # print error to STDERR\n    echo \"error: The sandbox is not in sync with the Podfile.lock. Run 'pod install' or update your CocoaPods installation.\" >&2\n    exit 1\nfi\n# This output is used by Xcode 'outputs' to avoid re-running this script phase.\necho \"SUCCESS\" > \"${SCRIPT_OUTPUT_FILE_0}\"\n";
			showEnvVarsInLog = 0;
		};
/* End PBXShellScriptBuildPhase section */

/* Begin PBXSourcesBuildPhase section */
		2098FB142726B85000D07EDE /* Sources */ = {
			isa = PBXSourcesBuildPhase;
			buildActionMask = 2147483647;
			files = (
				201C3F03273E8755006423B7 /* BannerImageCollectionViewCell.swift in Sources */,
				20EA61392731387D001D8A21 /* EditProfileViewController.swift in Sources */,
				20D5DA7D2726D2A20078A4CC /* AlertMessages.swift in Sources */,
				2074C7A627283D16004A9BCA /* GetOTPViewController.swift in Sources */,
				20D5DA832726D2AC0078A4CC /* Services.swift in Sources */,
				2085DB9C27297092001F5E7A /* HomeViewController.swift in Sources */,
				2098FB262726B85000D07EDE /* Splan.xcdatamodeld in Sources */,
				2098FB202726B85000D07EDE /* BaseViewController.swift in Sources */,
				20D5DA782726D2A20078A4CC /* UserDefault.swift in Sources */,
				20C31DF4274770B700BF8382 /* TermAndCondtionViewController.swift in Sources */,
				20D5DA792726D2A20078A4CC /* ConnectionManager.swift in Sources */,
				20D5DA892726D3050078A4CC /* NoInternetViewController.swift in Sources */,
				20424669273903970017C846 /* VenusViewController.swift in Sources */,
				20DB242C272BDEC000DEDEE2 /* SideMneuTableViewCell.swift in Sources */,
				208FAB2A27366C0A0063F056 /* InvitationDetailsViewController.swift in Sources */,
				20D5DA772726D2A20078A4CC /* constant.swift in Sources */,
				2075EAB1272A9E6000079DB6 /* InvitedUsersTableViewCell.swift in Sources */,
				2085DBA62729712A001F5E7A /* EventPlaceTableViewCell.swift in Sources */,
				2042466F273934100017C846 /* CreatePlanViewController.swift in Sources */,
				20D5DA7B2726D2A20078A4CC /* IBDesignable.swift in Sources */,
				2074C7A127283D05004A9BCA /* RegisterViewController.swift in Sources */,
				20C31DFA27479ED600BF8382 /* PastPlanViewController.swift in Sources */,
				2026164D272FFBCA00FF013A /* MyProfileViewController.swift in Sources */,
				2008B6B2272ACB5200FBCA5D /* UserListTableViewCell.swift in Sources */,
				20DB242E272BDEC000DEDEE2 /* SideMenuViewController.swift in Sources */,
				205934F4273A92E5002B86AC /* ContactListTableViewCell.swift in Sources */,
				2098FB1C2726B85000D07EDE /* AppDelegate.swift in Sources */,
				20D5DA7A2726D2A20078A4CC /* Reachability.swift in Sources */,
				2070A17C273504B7005FB3E7 /* DescriptionPageViewController.swift in Sources */,
				2074C79927283CBB004A9BCA /* LoginViewController.swift in Sources */,
				2070A18527353CB8005FB3E7 /* ContactUsViewController.swift in Sources */,
				2098FB1E2726B85000D07EDE /* SceneDelegate.swift in Sources */,
				2075EAA7272A9CAF00079DB6 /* MyPlanDetailsViewController.swift in Sources */,
				2074C7AB27283D27004A9BCA /* VerifyOTPViewController.swift in Sources */,
				2031CB0B2744E61800B8BB80 /* CustomLocationViewController.swift in Sources */,
				2008B6A9272ACB0100FBCA5D /* EditDetailsViewController.swift in Sources */,
				205934EF273A928D002B86AC /* SelectContactViewController.swift in Sources */,
				205934E7273A497D002B86AC /* InviteFriendsViewController.swift in Sources */,
			);
			runOnlyForDeploymentPostprocessing = 0;
		};
		2098FB2D2726B85A00D07EDE /* Sources */ = {
			isa = PBXSourcesBuildPhase;
			buildActionMask = 2147483647;
			files = (
				2098FB362726B85A00D07EDE /* SplanTests.swift in Sources */,
			);
			runOnlyForDeploymentPostprocessing = 0;
		};
		2098FB382726B85A00D07EDE /* Sources */ = {
			isa = PBXSourcesBuildPhase;
			buildActionMask = 2147483647;
			files = (
				2098FB412726B85A00D07EDE /* SplanUITests.swift in Sources */,
			);
			runOnlyForDeploymentPostprocessing = 0;
		};
/* End PBXSourcesBuildPhase section */

/* Begin PBXTargetDependency section */
		2098FB332726B85A00D07EDE /* PBXTargetDependency */ = {
			isa = PBXTargetDependency;
			target = 2098FB172726B85000D07EDE /* Splan */;
			targetProxy = 2098FB322726B85A00D07EDE /* PBXContainerItemProxy */;
		};
		2098FB3E2726B85A00D07EDE /* PBXTargetDependency */ = {
			isa = PBXTargetDependency;
			target = 2098FB172726B85000D07EDE /* Splan */;
			targetProxy = 2098FB3D2726B85A00D07EDE /* PBXContainerItemProxy */;
		};
/* End PBXTargetDependency section */

/* Begin PBXVariantGroup section */
		2098FB212726B85000D07EDE /* Main.storyboard */ = {
			isa = PBXVariantGroup;
			children = (
				2098FB222726B85000D07EDE /* Base */,
			);
			name = Main.storyboard;
			sourceTree = "<group>";
		};
		2098FB292726B85900D07EDE /* LaunchScreen.storyboard */ = {
			isa = PBXVariantGroup;
			children = (
				2098FB2A2726B85900D07EDE /* Base */,
			);
			name = LaunchScreen.storyboard;
			sourceTree = "<group>";
		};
/* End PBXVariantGroup section */

/* Begin XCBuildConfiguration section */
		2098FB432726B85A00D07EDE /* Debug */ = {
			isa = XCBuildConfiguration;
			buildSettings = {
				ALWAYS_SEARCH_USER_PATHS = NO;
				CLANG_ANALYZER_NONNULL = YES;
				CLANG_ANALYZER_NUMBER_OBJECT_CONVERSION = YES_AGGRESSIVE;
				CLANG_CXX_LANGUAGE_STANDARD = "gnu++14";
				CLANG_CXX_LIBRARY = "libc++";
				CLANG_ENABLE_MODULES = YES;
				CLANG_ENABLE_OBJC_ARC = YES;
				CLANG_ENABLE_OBJC_WEAK = YES;
				CLANG_WARN_BLOCK_CAPTURE_AUTORELEASING = YES;
				CLANG_WARN_BOOL_CONVERSION = YES;
				CLANG_WARN_COMMA = YES;
				CLANG_WARN_CONSTANT_CONVERSION = YES;
				CLANG_WARN_DEPRECATED_OBJC_IMPLEMENTATIONS = YES;
				CLANG_WARN_DIRECT_OBJC_ISA_USAGE = YES_ERROR;
				CLANG_WARN_DOCUMENTATION_COMMENTS = YES;
				CLANG_WARN_EMPTY_BODY = YES;
				CLANG_WARN_ENUM_CONVERSION = YES;
				CLANG_WARN_INFINITE_RECURSION = YES;
				CLANG_WARN_INT_CONVERSION = YES;
				CLANG_WARN_NON_LITERAL_NULL_CONVERSION = YES;
				CLANG_WARN_OBJC_IMPLICIT_RETAIN_SELF = YES;
				CLANG_WARN_OBJC_LITERAL_CONVERSION = YES;
				CLANG_WARN_OBJC_ROOT_CLASS = YES_ERROR;
				CLANG_WARN_QUOTED_INCLUDE_IN_FRAMEWORK_HEADER = YES;
				CLANG_WARN_RANGE_LOOP_ANALYSIS = YES;
				CLANG_WARN_STRICT_PROTOTYPES = YES;
				CLANG_WARN_SUSPICIOUS_MOVE = YES;
				CLANG_WARN_UNGUARDED_AVAILABILITY = YES_AGGRESSIVE;
				CLANG_WARN_UNREACHABLE_CODE = YES;
				CLANG_WARN__DUPLICATE_METHOD_MATCH = YES;
				COPY_PHASE_STRIP = NO;
				DEBUG_INFORMATION_FORMAT = dwarf;
				ENABLE_STRICT_OBJC_MSGSEND = YES;
				ENABLE_TESTABILITY = YES;
				GCC_C_LANGUAGE_STANDARD = gnu11;
				GCC_DYNAMIC_NO_PIC = NO;
				GCC_NO_COMMON_BLOCKS = YES;
				GCC_OPTIMIZATION_LEVEL = 0;
				GCC_PREPROCESSOR_DEFINITIONS = (
					"DEBUG=1",
					"$(inherited)",
				);
				GCC_WARN_64_TO_32_BIT_CONVERSION = YES;
				GCC_WARN_ABOUT_RETURN_TYPE = YES_ERROR;
				GCC_WARN_UNDECLARED_SELECTOR = YES;
				GCC_WARN_UNINITIALIZED_AUTOS = YES_AGGRESSIVE;
				GCC_WARN_UNUSED_FUNCTION = YES;
				GCC_WARN_UNUSED_VARIABLE = YES;
				IPHONEOS_DEPLOYMENT_TARGET = 14.2;
				MTL_ENABLE_DEBUG_INFO = INCLUDE_SOURCE;
				MTL_FAST_MATH = YES;
				ONLY_ACTIVE_ARCH = YES;
				SDKROOT = iphoneos;
				SWIFT_ACTIVE_COMPILATION_CONDITIONS = DEBUG;
				SWIFT_OPTIMIZATION_LEVEL = "-Onone";
			};
			name = Debug;
		};
		2098FB442726B85A00D07EDE /* Release */ = {
			isa = XCBuildConfiguration;
			buildSettings = {
				ALWAYS_SEARCH_USER_PATHS = NO;
				CLANG_ANALYZER_NONNULL = YES;
				CLANG_ANALYZER_NUMBER_OBJECT_CONVERSION = YES_AGGRESSIVE;
				CLANG_CXX_LANGUAGE_STANDARD = "gnu++14";
				CLANG_CXX_LIBRARY = "libc++";
				CLANG_ENABLE_MODULES = YES;
				CLANG_ENABLE_OBJC_ARC = YES;
				CLANG_ENABLE_OBJC_WEAK = YES;
				CLANG_WARN_BLOCK_CAPTURE_AUTORELEASING = YES;
				CLANG_WARN_BOOL_CONVERSION = YES;
				CLANG_WARN_COMMA = YES;
				CLANG_WARN_CONSTANT_CONVERSION = YES;
				CLANG_WARN_DEPRECATED_OBJC_IMPLEMENTATIONS = YES;
				CLANG_WARN_DIRECT_OBJC_ISA_USAGE = YES_ERROR;
				CLANG_WARN_DOCUMENTATION_COMMENTS = YES;
				CLANG_WARN_EMPTY_BODY = YES;
				CLANG_WARN_ENUM_CONVERSION = YES;
				CLANG_WARN_INFINITE_RECURSION = YES;
				CLANG_WARN_INT_CONVERSION = YES;
				CLANG_WARN_NON_LITERAL_NULL_CONVERSION = YES;
				CLANG_WARN_OBJC_IMPLICIT_RETAIN_SELF = YES;
				CLANG_WARN_OBJC_LITERAL_CONVERSION = YES;
				CLANG_WARN_OBJC_ROOT_CLASS = YES_ERROR;
				CLANG_WARN_QUOTED_INCLUDE_IN_FRAMEWORK_HEADER = YES;
				CLANG_WARN_RANGE_LOOP_ANALYSIS = YES;
				CLANG_WARN_STRICT_PROTOTYPES = YES;
				CLANG_WARN_SUSPICIOUS_MOVE = YES;
				CLANG_WARN_UNGUARDED_AVAILABILITY = YES_AGGRESSIVE;
				CLANG_WARN_UNREACHABLE_CODE = YES;
				CLANG_WARN__DUPLICATE_METHOD_MATCH = YES;
				COPY_PHASE_STRIP = NO;
				DEBUG_INFORMATION_FORMAT = "dwarf-with-dsym";
				ENABLE_NS_ASSERTIONS = NO;
				ENABLE_STRICT_OBJC_MSGSEND = YES;
				GCC_C_LANGUAGE_STANDARD = gnu11;
				GCC_NO_COMMON_BLOCKS = YES;
				GCC_WARN_64_TO_32_BIT_CONVERSION = YES;
				GCC_WARN_ABOUT_RETURN_TYPE = YES_ERROR;
				GCC_WARN_UNDECLARED_SELECTOR = YES;
				GCC_WARN_UNINITIALIZED_AUTOS = YES_AGGRESSIVE;
				GCC_WARN_UNUSED_FUNCTION = YES;
				GCC_WARN_UNUSED_VARIABLE = YES;
				IPHONEOS_DEPLOYMENT_TARGET = 14.2;
				MTL_ENABLE_DEBUG_INFO = NO;
				MTL_FAST_MATH = YES;
				SDKROOT = iphoneos;
				SWIFT_COMPILATION_MODE = wholemodule;
				SWIFT_OPTIMIZATION_LEVEL = "-O";
				VALIDATE_PRODUCT = YES;
			};
			name = Release;
		};
		2098FB462726B85A00D07EDE /* Debug */ = {
			isa = XCBuildConfiguration;
			baseConfigurationReference = 8E5EC0F576A73CFE0304B1EA /* Pods-Splan.debug.xcconfig */;
			buildSettings = {
				ASSETCATALOG_COMPILER_APPICON_NAME = AppIcon;
				ASSETCATALOG_COMPILER_GLOBAL_ACCENT_COLOR_NAME = AccentColor;
				CODE_SIGN_STYLE = Automatic;
				DEVELOPMENT_ASSET_PATHS = "";
				DEVELOPMENT_TEAM = 79G7F2QQ57;
				INFOPLIST_FILE = Splan/Info.plist;
				IPHONEOS_DEPLOYMENT_TARGET = 11.0;
				LD_RUNPATH_SEARCH_PATHS = (
					"$(inherited)",
					"@executable_path/Frameworks",
				);
				PRODUCT_BUNDLE_IDENTIFIER = com.splan.customer;
				PRODUCT_NAME = "$(TARGET_NAME)";
				SWIFT_VERSION = 5.0;
				TARGETED_DEVICE_FAMILY = 1;
				USER_HEADER_SEARCH_PATHS = "Pods/**";
			};
			name = Debug;
		};
		2098FB472726B85A00D07EDE /* Release */ = {
			isa = XCBuildConfiguration;
			baseConfigurationReference = 2CF0EE9D3108A28AAFF9E346 /* Pods-Splan.release.xcconfig */;
			buildSettings = {
				ASSETCATALOG_COMPILER_APPICON_NAME = AppIcon;
				ASSETCATALOG_COMPILER_GLOBAL_ACCENT_COLOR_NAME = AccentColor;
				CODE_SIGN_STYLE = Automatic;
				DEVELOPMENT_ASSET_PATHS = "";
				DEVELOPMENT_TEAM = 79G7F2QQ57;
				INFOPLIST_FILE = Splan/Info.plist;
				IPHONEOS_DEPLOYMENT_TARGET = 11.0;
				LD_RUNPATH_SEARCH_PATHS = (
					"$(inherited)",
					"@executable_path/Frameworks",
				);
				PRODUCT_BUNDLE_IDENTIFIER = com.splan.customer;
				PRODUCT_NAME = "$(TARGET_NAME)";
				SWIFT_VERSION = 5.0;
				TARGETED_DEVICE_FAMILY = 1;
				USER_HEADER_SEARCH_PATHS = "Pods/**";
			};
			name = Release;
		};
		2098FB492726B85A00D07EDE /* Debug */ = {
			isa = XCBuildConfiguration;
			baseConfigurationReference = 8F336F7B5D9EE6E3D9BBB016 /* Pods-SplanTests.debug.xcconfig */;
			buildSettings = {
				ALWAYS_EMBED_SWIFT_STANDARD_LIBRARIES = YES;
				BUNDLE_LOADER = "$(TEST_HOST)";
				CODE_SIGN_STYLE = Automatic;
				DEVELOPMENT_TEAM = 79G7F2QQ57;
				INFOPLIST_FILE = SplanTests/Info.plist;
				IPHONEOS_DEPLOYMENT_TARGET = 14.2;
				LD_RUNPATH_SEARCH_PATHS = (
					"$(inherited)",
					"@executable_path/Frameworks",
					"@loader_path/Frameworks",
				);
				PRODUCT_BUNDLE_IDENTIFIER = "com.webguru-india.com.SplanTests";
				PRODUCT_NAME = "$(TARGET_NAME)";
				SWIFT_VERSION = 5.0;
				TARGETED_DEVICE_FAMILY = "1,2";
				TEST_HOST = "$(BUILT_PRODUCTS_DIR)/Splan.app/Splan";
			};
			name = Debug;
		};
		2098FB4A2726B85A00D07EDE /* Release */ = {
			isa = XCBuildConfiguration;
			baseConfigurationReference = 3C47F9F53921CFBAE2D72D8E /* Pods-SplanTests.release.xcconfig */;
			buildSettings = {
				ALWAYS_EMBED_SWIFT_STANDARD_LIBRARIES = YES;
				BUNDLE_LOADER = "$(TEST_HOST)";
				CODE_SIGN_STYLE = Automatic;
				DEVELOPMENT_TEAM = 79G7F2QQ57;
				INFOPLIST_FILE = SplanTests/Info.plist;
				IPHONEOS_DEPLOYMENT_TARGET = 14.2;
				LD_RUNPATH_SEARCH_PATHS = (
					"$(inherited)",
					"@executable_path/Frameworks",
					"@loader_path/Frameworks",
				);
				PRODUCT_BUNDLE_IDENTIFIER = "com.webguru-india.com.SplanTests";
				PRODUCT_NAME = "$(TARGET_NAME)";
				SWIFT_VERSION = 5.0;
				TARGETED_DEVICE_FAMILY = "1,2";
				TEST_HOST = "$(BUILT_PRODUCTS_DIR)/Splan.app/Splan";
			};
			name = Release;
		};
		2098FB4C2726B85A00D07EDE /* Debug */ = {
			isa = XCBuildConfiguration;
			baseConfigurationReference = 4CDACDDD278429EBDCA75FCA /* Pods-Splan-SplanUITests.debug.xcconfig */;
			buildSettings = {
				ALWAYS_EMBED_SWIFT_STANDARD_LIBRARIES = YES;
				CODE_SIGN_STYLE = Automatic;
				DEVELOPMENT_TEAM = 79G7F2QQ57;
				INFOPLIST_FILE = SplanUITests/Info.plist;
				LD_RUNPATH_SEARCH_PATHS = (
					"$(inherited)",
					"@executable_path/Frameworks",
					"@loader_path/Frameworks",
				);
				PRODUCT_BUNDLE_IDENTIFIER = "com.webguru-india.com.SplanUITests";
				PRODUCT_NAME = "$(TARGET_NAME)";
				SWIFT_VERSION = 5.0;
				TARGETED_DEVICE_FAMILY = "1,2";
				TEST_TARGET_NAME = Splan;
			};
			name = Debug;
		};
		2098FB4D2726B85A00D07EDE /* Release */ = {
			isa = XCBuildConfiguration;
			baseConfigurationReference = F414D8060F33931C507CA9A0 /* Pods-Splan-SplanUITests.release.xcconfig */;
			buildSettings = {
				ALWAYS_EMBED_SWIFT_STANDARD_LIBRARIES = YES;
				CODE_SIGN_STYLE = Automatic;
				DEVELOPMENT_TEAM = 79G7F2QQ57;
				INFOPLIST_FILE = SplanUITests/Info.plist;
				LD_RUNPATH_SEARCH_PATHS = (
					"$(inherited)",
					"@executable_path/Frameworks",
					"@loader_path/Frameworks",
				);
				PRODUCT_BUNDLE_IDENTIFIER = "com.webguru-india.com.SplanUITests";
				PRODUCT_NAME = "$(TARGET_NAME)";
				SWIFT_VERSION = 5.0;
				TARGETED_DEVICE_FAMILY = "1,2";
				TEST_TARGET_NAME = Splan;
			};
			name = Release;
		};
/* End XCBuildConfiguration section */

/* Begin XCConfigurationList section */
		2098FB132726B85000D07EDE /* Build configuration list for PBXProject "Splan" */ = {
			isa = XCConfigurationList;
			buildConfigurations = (
				2098FB432726B85A00D07EDE /* Debug */,
				2098FB442726B85A00D07EDE /* Release */,
			);
			defaultConfigurationIsVisible = 0;
			defaultConfigurationName = Release;
		};
		2098FB452726B85A00D07EDE /* Build configuration list for PBXNativeTarget "Splan" */ = {
			isa = XCConfigurationList;
			buildConfigurations = (
				2098FB462726B85A00D07EDE /* Debug */,
				2098FB472726B85A00D07EDE /* Release */,
			);
			defaultConfigurationIsVisible = 0;
			defaultConfigurationName = Release;
		};
		2098FB482726B85A00D07EDE /* Build configuration list for PBXNativeTarget "SplanTests" */ = {
			isa = XCConfigurationList;
			buildConfigurations = (
				2098FB492726B85A00D07EDE /* Debug */,
				2098FB4A2726B85A00D07EDE /* Release */,
			);
			defaultConfigurationIsVisible = 0;
			defaultConfigurationName = Release;
		};
		2098FB4B2726B85A00D07EDE /* Build configuration list for PBXNativeTarget "SplanUITests" */ = {
			isa = XCConfigurationList;
			buildConfigurations = (
				2098FB4C2726B85A00D07EDE /* Debug */,
				2098FB4D2726B85A00D07EDE /* Release */,
			);
			defaultConfigurationIsVisible = 0;
			defaultConfigurationName = Release;
		};
/* End XCConfigurationList section */

/* Begin XCVersionGroup section */
		2098FB242726B85000D07EDE /* Splan.xcdatamodeld */ = {
			isa = XCVersionGroup;
			children = (
				2098FB252726B85000D07EDE /* Splan.xcdatamodel */,
			);
			currentVersion = 2098FB252726B85000D07EDE /* Splan.xcdatamodel */;
			path = Splan.xcdatamodeld;
			sourceTree = "<group>";
			versionGroupType = wrapper.xcdatamodel;
		};
/* End XCVersionGroup section */
	};
	rootObject = 2098FB102726B85000D07EDE /* Project object */;
}
